# This file is automatically @generated by Poetry 1.5.1 and should not be changed by hand.

[[package]]
name = "asgiref"
version = "3.7.2"
description = "ASGI specs, helper code, and adapters"
optional = false
python-versions = ">=3.7"
files = [
    {file = "asgiref-3.7.2-py3-none-any.whl", hash = "sha256:89b2ef2247e3b562a16eef663bc0e2e703ec6468e2fa8a5cd61cd449786d4f6e"},
    {file = "asgiref-3.7.2.tar.gz", hash = "sha256:9e0ce3aa93a819ba5b45120216b23878cf6e8525eb3848653452b4192b92afed"},
]

[package.dependencies]
typing-extensions = {version = ">=4", markers = "python_version < \"3.11\""}

[package.extras]
tests = ["mypy (>=0.800)", "pytest", "pytest-asyncio"]

[[package]]
name = "django"
version = "4.2.2"
description = "A high-level Python web framework that encourages rapid development and clean, pragmatic design."
optional = false
python-versions = ">=3.8"
files = [
    {file = "Django-4.2.2-py3-none-any.whl", hash = "sha256:672b3fa81e1f853bb58be1b51754108ab4ffa12a77c06db86aa8df9ed0c46fe5"},
    {file = "Django-4.2.2.tar.gz", hash = "sha256:2a6b6fbff5b59dd07bef10bcb019bee2ea97a30b2a656d51346596724324badf"},
]

[package.dependencies]
asgiref = ">=3.6.0,<4"
sqlparse = ">=0.3.1"
tzdata = {version = "*", markers = "sys_platform == \"win32\""}

[package.extras]
argon2 = ["argon2-cffi (>=19.1.0)"]
bcrypt = ["bcrypt"]

[[package]]
name = "django-taggit"
version = "4.0.0"
description = "django-taggit is a reusable Django application for simple tagging."
optional = false
python-versions = ">=3.6"
files = [
    {file = "django-taggit-4.0.0.tar.gz", hash = "sha256:4d52de9d37245a9b9f98c0ec71fdccf1d2283e38e8866d40a7ae6a3b6787a161"},
    {file = "django_taggit-4.0.0-py3-none-any.whl", hash = "sha256:eb800dabef5f0a4e047ab0751f82cf805bc4a9e972037ef12bf519f52cd92480"},
]

[package.dependencies]
Django = ">=3.2"

[[package]]
name = "djangorestframework"
version = "3.14.0"
description = "Web APIs for Django, made easy."
optional = false
python-versions = ">=3.6"
files = [
    {file = "djangorestframework-3.14.0-py3-none-any.whl", hash = "sha256:eb63f58c9f218e1a7d064d17a70751f528ed4e1d35547fdade9aaf4cd103fd08"},
    {file = "djangorestframework-3.14.0.tar.gz", hash = "sha256:579a333e6256b09489cbe0a067e66abe55c6595d8926be6b99423786334350c8"},
]

[package.dependencies]
django = ">=3.0"
pytz = "*"

[[package]]
name = "djangorestframework-simplejwt"
version = "5.2.2"
description = "A minimal JSON Web Token authentication plugin for Django REST Framework"
optional = false
python-versions = ">=3.7"
files = [
    {file = "djangorestframework_simplejwt-5.2.2-py3-none-any.whl", hash = "sha256:4c0d2e2513e12587d93501ac091781684a216c3ee614eb3b5a10586aef5ca845"},
    {file = "djangorestframework_simplejwt-5.2.2.tar.gz", hash = "sha256:d27d4bcac2c6394f678dea8b4d0d511c6e18a7f2eb8aaeeb8a7de601aeb77c42"},
]

[package.dependencies]
django = "*"
djangorestframework = "*"
pyjwt = ">=1.7.1,<3"

[package.extras]
crypto = ["cryptography (>=3.3.1)"]
dev = ["Sphinx (>=1.6.5,<2)", "cryptography", "flake8", "ipython", "isort", "pep8", "pytest", "pytest-cov", "pytest-django", "pytest-watch", "pytest-xdist", "python-jose (==3.3.0)", "sphinx-rtd-theme (>=0.1.9)", "tox", "twine", "wheel"]
doc = ["Sphinx (>=1.6.5,<2)", "sphinx-rtd-theme (>=0.1.9)"]
lint = ["flake8", "isort", "pep8"]
python-jose = ["python-jose (==3.3.0)"]
test = ["cryptography", "pytest", "pytest-cov", "pytest-django", "pytest-xdist", "tox"]

[[package]]
name = "markdown"
version = "3.4.3"
description = "Python implementation of John Gruber's Markdown."
optional = false
python-versions = ">=3.7"
files = [
    {file = "Markdown-3.4.3-py3-none-any.whl", hash = "sha256:065fd4df22da73a625f14890dd77eb8040edcbd68794bcd35943be14490608b2"},
    {file = "Markdown-3.4.3.tar.gz", hash = "sha256:8bf101198e004dc93e84a12a7395e31aac6a9c9942848ae1d99b9d72cf9b3520"},
]

[package.extras]
testing = ["coverage", "pyyaml"]

[[package]]
name = "pyjwt"
version = "2.7.0"
description = "JSON Web Token implementation in Python"
optional = false
python-versions = ">=3.7"
files = [
    {file = "PyJWT-2.7.0-py3-none-any.whl", hash = "sha256:ba2b425b15ad5ef12f200dc67dd56af4e26de2331f965c5439994dad075876e1"},
    {file = "PyJWT-2.7.0.tar.gz", hash = "sha256:bd6ca4a3c4285c1a2d4349e5a035fdf8fb94e04ccd0fcbe6ba289dae9cc3e074"},
]

[package.extras]
crypto = ["cryptography (>=3.4.0)"]
dev = ["coverage[toml] (==5.0.4)", "cryptography (>=3.4.0)", "pre-commit", "pytest (>=6.0.0,<7.0.0)", "sphinx (>=4.5.0,<5.0.0)", "sphinx-rtd-theme", "zope.interface"]
docs = ["sphinx (>=4.5.0,<5.0.0)", "sphinx-rtd-theme", "zope.interface"]
tests = ["coverage[toml] (==5.0.4)", "pytest (>=6.0.0,<7.0.0)"]

[[package]]
name = "pytz"
version = "2023.3"
description = "World timezone definitions, modern and historical"
optional = false
python-versions = "*"
files = [
    {file = "pytz-2023.3-py2.py3-none-any.whl", hash = "sha256:a151b3abb88eda1d4e34a9814df37de2a80e301e68ba0fd856fb9b46bfbbbffb"},
    {file = "pytz-2023.3.tar.gz", hash = "sha256:1d8ce29db189191fb55338ee6d0387d82ab59f3d00eac103412d64e0ebd0c588"},
]

[[package]]
name = "sqlparse"
version = "0.4.4"
description = "A non-validating SQL parser."
optional = false
python-versions = ">=3.5"
files = [
    {file = "sqlparse-0.4.4-py3-none-any.whl", hash = "sha256:5430a4fe2ac7d0f93e66f1efc6e1338a41884b7ddf2a350cedd20ccc4d9d28f3"},
    {file = "sqlparse-0.4.4.tar.gz", hash = "sha256:d446183e84b8349fa3061f0fe7f06ca94ba65b426946ffebe6e3e8295332420c"},
]

[package.extras]
dev = ["build", "flake8"]
doc = ["sphinx"]
test = ["pytest", "pytest-cov"]

[[package]]
name = "typing-extensions"
version = "4.6.3"
description = "Backported and Experimental Type Hints for Python 3.7+"
optional = false
python-versions = ">=3.7"
files = [
    {file = "typing_extensions-4.6.3-py3-none-any.whl", hash = "sha256:88a4153d8505aabbb4e13aacb7c486c2b4a33ca3b3f807914a9b4c844c471c26"},
    {file = "typing_extensions-4.6.3.tar.gz", hash = "sha256:d91d5919357fe7f681a9f2b5b4cb2a5f1ef0a1e9f59c4d8ff0d3491e05c0ffd5"},
]

[[package]]
name = "tzdata"
version = "2023.3"
description = "Provider of IANA time zone data"
optional = false
python-versions = ">=2"
files = [
    {file = "tzdata-2023.3-py2.py3-none-any.whl", hash = "sha256:7e65763eef3120314099b6939b5546db7adce1e7d6f2e179e3df563c70511eda"},
    {file = "tzdata-2023.3.tar.gz", hash = "sha256:11ef1e08e54acb0d4f95bdb1be05da659673de4acbd21bf9c69e94cc5e907a3a"},
]

[[package]]
name = "whitenoise"
version = "6.5.0"
description = "Radically simplified static file serving for WSGI applications"
optional = false
python-versions = ">=3.7"
files = [
    {file = "whitenoise-6.5.0-py3-none-any.whl", hash = "sha256:16468e9ad2189f09f4a8c635a9031cc9bb2cdbc8e5e53365407acf99f7ade9ec"},
    {file = "whitenoise-6.5.0.tar.gz", hash = "sha256:15fe60546ac975b58e357ccaeb165a4ca2d0ab697e48450b8f0307ca368195a8"},
]

[package.extras]
brotli = ["Brotli"]

[metadata]
lock-version = "2.0"
python-versions = "^3.10"
content-hash = "d19588968e6c32891b65b7adf62c92873e632760d87e0cd381d7b1313d96b9b6"
